
Microsoft Visual Studio Solution File, Format Version 12.00
# Visual Studio Version 17
VisualStudioVersion = 17.3.32811.315
MinimumVisualStudioVersion = 10.0.40219.1
Project("{FAE04EC0-301F-11D3-BF4B-00C04F79EFBC}") = "Ejercicio I03_AContarPalabras", "Ejercicio I03_AContarPalabras.csproj", "{B584DCCF-6ED5-4EE2-9867-4AC2FBC0ECBF}"
EndProject
Global
	GlobalSection(SolutionConfigurationPlatforms) = preSolution
		Debug|Any CPU = Debug|Any CPU
		Release|Any CPU = Release|Any CPU
	EndGlobalSection
	GlobalSection(ProjectConfigurationPlatforms) = postSolution
		{B584DCCF-6ED5-4EE2-9867-4AC2FBC0ECBF}.Debug|Any CPU.ActiveCfg = Debug|Any CPU
		{B584DCCF-6ED5-4EE2-9867-4AC2FBC0ECBF}.Debug|Any CPU.Build.0 = Debug|Any CPU
		{B584DCCF-6ED5-4EE2-9867-4AC2FBC0ECBF}.Release|Any CPU.ActiveCfg = Release|Any CPU
		{B584DCCF-6ED5-4EE2-9867-4AC2FBC0ECBF}.Release|Any CPU.Build.0 = Release|Any CPU
	EndGlobalSection
	GlobalSection(SolutionProperties) = preSolution
		HideSolutionNode = FALSE
	EndGlobalSection
	GlobalSection(ExtensibilityGlobals) = postSolution
		SolutionGuid = {6C8E5AE0-B932-4FF2-A9A6-25E71FE2FCB5}
	EndGlobalSection
EndGlobal
